
Microsoft Visual Studio Solution File, Format Version 12.00
# Visual Studio 14
VisualStudioVersion = 14.0.24720.0
MinimumVisualStudioVersion = 10.0.40219.1
Project("{FAE04EC0-301F-11D3-BF4B-00C04F79EFBC}") = "Urgentt", "Urgentt\Urgentt.csproj", "{5768EF6F-F9FB-442E-A0EC-D147F2A04AC5}"
EndProject
Global
	GlobalSection(SolutionConfigurationPlatforms) = preSolution
		Debug|Any CPU = Debug|Any CPU
		Release|Any CPU = Release|Any CPU
	EndGlobalSection
	GlobalSection(ProjectConfigurationPlatforms) = postSolution
		{5768EF6F-F9FB-442E-A0EC-D147F2A04AC5}.Debug|Any CPU.ActiveCfg = Debug|Any CPU
		{5768EF6F-F9FB-442E-A0EC-D147F2A04AC5}.Debug|Any CPU.Build.0 = Debug|Any CPU
		{5768EF6F-F9FB-442E-A0EC-D147F2A04AC5}.Release|Any CPU.ActiveCfg = Release|Any CPU
		{5768EF6F-F9FB-442E-A0EC-D147F2A04AC5}.Release|Any CPU.Build.0 = Release|Any CPU
	EndGlobalSection
	GlobalSection(SolutionProperties) = preSolution
		HideSolutionNode = FALSE
	EndGlobalSection
EndGlobal
